
Microsoft Visual Studio Solution File, Format Version 12.00
# Visual Studio Version 17
VisualStudioVersion = 17.7.34031.279
MinimumVisualStudioVersion = 10.0.40219.1
Project("{FAE04EC0-301F-11D3-BF4B-00C04F79EFBC}") = "Notes", "Notes\Notes.csproj", "{4133D7C0-298B-4B17-B31D-67C0C02A0A7F}"
EndProject
Global
	GlobalSection(SolutionConfigurationPlatforms) = preSolution
		Debug|Any CPU = Debug|Any CPU
		Release|Any CPU = Release|Any CPU
	EndGlobalSection
	GlobalSection(ProjectConfigurationPlatforms) = postSolution
		{4133D7C0-298B-4B17-B31D-67C0C02A0A7F}.Debug|Any CPU.ActiveCfg = Debug|Any CPU
		{4133D7C0-298B-4B17-B31D-67C0C02A0A7F}.Debug|Any CPU.Build.0 = Debug|Any CPU
		{4133D7C0-298B-4B17-B31D-67C0C02A0A7F}.Debug|Any CPU.Deploy.0 = Debug|Any CPU
		{4133D7C0-298B-4B17-B31D-67C0C02A0A7F}.Release|Any CPU.ActiveCfg = Release|Any CPU
		{4133D7C0-298B-4B17-B31D-67C0C02A0A7F}.Release|Any CPU.Build.0 = Release|Any CPU
		{4133D7C0-298B-4B17-B31D-67C0C02A0A7F}.Release|Any CPU.Deploy.0 = Release|Any CPU
	EndGlobalSection
	GlobalSection(SolutionProperties) = preSolution
		HideSolutionNode = FALSE
	EndGlobalSection
	GlobalSection(ExtensibilityGlobals) = postSolution
		SolutionGuid = {B979C50C-D7BD-4214-B94A-6722FD810ADD}
	EndGlobalSection
EndGlobal
